
Microsoft Visual Studio Solution File, Format Version 12.00
# Visual Studio Version 17
VisualStudioVersion = 17.13.35919.96 d17.13
MinimumVisualStudioVersion = 10.0.40219.1
Project("{FAE04EC0-301F-11D3-BF4B-00C04F79EFBC}") = "Laboratory Activity 35", "Laboratory Activity 35.csproj", "{7BA9836F-09C1-4B33-AF3C-393551B2F9DD}"
EndProject
Global
	GlobalSection(SolutionConfigurationPlatforms) = preSolution
		Debug|Any CPU = Debug|Any CPU
		Release|Any CPU = Release|Any CPU
	EndGlobalSection
	GlobalSection(ProjectConfigurationPlatforms) = postSolution
		{7BA9836F-09C1-4B33-AF3C-393551B2F9DD}.Debug|Any CPU.ActiveCfg = Debug|Any CPU
		{7BA9836F-09C1-4B33-AF3C-393551B2F9DD}.Debug|Any CPU.Build.0 = Debug|Any CPU
		{7BA9836F-09C1-4B33-AF3C-393551B2F9DD}.Release|Any CPU.ActiveCfg = Release|Any CPU
		{7BA9836F-09C1-4B33-AF3C-393551B2F9DD}.Release|Any CPU.Build.0 = Release|Any CPU
	EndGlobalSection
	GlobalSection(SolutionProperties) = preSolution
		HideSolutionNode = FALSE
	EndGlobalSection
	GlobalSection(ExtensibilityGlobals) = postSolution
		SolutionGuid = {7E384E7F-8AC5-47BF-A28D-37D28BB5A9B3}
	EndGlobalSection
EndGlobal
